# THIS IS AN AUTOGENERATED FILE. DO NOT EDIT THIS FILE DIRECTLY.
# yarn lockfile v1


prettier@^3.7.3:
  version "3.7.3"
  resolved "https://registry.yarnpkg.com/prettier/-/prettier-3.7.3.tgz#99a8891f6c990cfa54bcff2a0d276e6f845e59ab"
  integrity sha512-QgODejq9K3OzoBbuyobZlUhznP5SKwPqp+6Q6xw6o8gnhr4O85L2U915iM2IDcfF2NPXVaM9zlo9tdwipnYwzg==

servor@^4.0.2:
  version "4.0.2"
  resolved "https://registry.yarnpkg.com/servor/-/servor-4.0.2.tgz#6d5e5c61fbb3d6f4bde72995dbe6745829395971"
  integrity sha512-MlmQ5Ntv4jDYUN060x/KEmN7emvIqKMZ9OkM+nY8Bf2+KkyLmGsTqWLyAN2cZr5oESAcH00UanUyyrlS1LRjFw==
